<?xml version="1.0" encoding="utf-8"?>
<Project ToolsVersion="4.0" xmlns="http://schemas.microsoft.com/developer/msbuild/2003">
  <ItemGroup>
    <Filter Include="Source Files">
      <UniqueIdentifier>{4FC737F1-C7A5-4376-A066-2A32D752A2FF}</UniqueIdentifier>
      <Extensions>cpp;c;cc;cxx;def;odl;idl;hpj;bat;asm;asmx</Extensions>
    </Filter>
    <Filter Include="Header Files">
      <UniqueIdentifier>{93995380-89BD-4b04-88EB-625FBE52EBFB}</UniqueIdentifier>
      <Extensions>h;hh;hpp;hxx;hm;inl;inc;ipp;xsd</Extensions>
    </Filter>
    <Filter Include="Resource Files">
      <UniqueIdentifier>{67DA6AB6-F800-4c08-8B7A-83BB121AAD01}</UniqueIdentifier>
      <Extensions>rc;ico;cur;bmp;dlg;rc2;rct;bin;rgs;gif;jpg;jpeg;jpe;resx;tiff;tif;png;wav;mfcribbon-ms</Extensions>
    </Filter>
  </ItemGroup>
  <ItemGroup>
    <ClCompile Include="UsernameValidation.cpp">
      <Filter>Source Files</Filter>
    </ClCompile>
    <ClCompile Include="MatrixDeterminant.cpp">
      <Filter>Source Files</Filter>
    </ClCompile>
    <ClCompile Include="Coderbyte.cpp">
      <Filter>Source Files</Filter>
    </ClCompile>
    <ClCompile Include="WordLength.cpp">
      <Filter>Source Files</Filter>
    </ClCompile>
    <ClCompile Include="NumberCheck.cpp">
      <Filter>Source Files</Filter>
    </ClCompile>
    <ClCompile Include="TimeConverter.cpp">
      <Filter>Source Files</Filter>
    </ClCompile>
    <ClCompile Include="Reverse.cpp">
      <Filter>Source Files</Filter>
    </ClCompile>
    <ClCompile Include="Summation.cpp">
      <Filter>Source Files</Filter>
    </ClCompile>
    <ClCompile Include="ChangeLetter.cpp">
      <Filter>Source Files</Filter>
    </ClCompile>
    <ClCompile Include="Symbols.cpp">
      <Filter>Source Files</Filter>
    </ClCompile>
    <ClCompile Include="Factorial.cpp">
      <Filter>Source Files</Filter>
    </ClCompile>
    <ClCompile Include="Kaprekar.cpp">
      <Filter>Source Files</Filter>
    </ClCompile>
    <ClCompile Include="Chessboard.cpp">
      <Filter>Source Files</Filter>
    </ClCompile>
    <ClCompile Include="StringIntersection.cpp">
      <Filter>Source Files</Filter>
    </ClCompile>
    <ClCompile Include="MinStringRange.cpp">
      <Filter>Source Files</Filter>
    </ClCompile>
    <ClCompile Include="QuestionMarkSum.cpp">
      <Filter>Source Files</Filter>
    </ClCompile>
    <ClCompile Include="Exponent2.cpp">
      <Filter>Source Files</Filter>
    </ClCompile>
    <ClCompile Include="MathProduct.cpp">
      <Filter>Source Files</Filter>
    </ClCompile>
    <ClCompile Include="MedianMovement.cpp">
      <Filter>Source Files</Filter>
    </ClCompile>
    <ClCompile Include="MathSequence.cpp">
      <Filter>Source Files</Filter>
    </ClCompile>
    <ClCompile Include="Brackets.cpp">
      <Filter>Source Files</Filter>
    </ClCompile>
    <ClCompile Include="StringPeriod.cpp">
      <Filter>Source Files</Filter>
    </ClCompile>
    <ClCompile Include="NumberEncoder.cpp">
      <Filter>Source Files</Filter>
    </ClCompile>
    <ClCompile Include="StringReducer.cpp">
      <Filter>Source Files</Filter>
    </ClCompile>
    <ClCompile Include="PrimeNumber.cpp">
      <Filter>Source Files</Filter>
    </ClCompile>
    <ClCompile Include="ConsecutiveNumbers.cpp">
      <Filter>Source Files</Filter>
    </ClCompile>
    <ClCompile Include="StringUniqueSubstring.cpp">
      <Filter>Source Files</Filter>
    </ClCompile>
    <ClCompile Include="StringCompression.cpp">
      <Filter>Source Files</Filter>
    </ClCompile>
    <ClCompile Include="TreeGraphs.cpp">
      <Filter>Source Files</Filter>
    </ClCompile>
    <ClCompile Include="Fibonacci.cpp">
      <Filter>Source Files</Filter>
    </ClCompile>
    <ClCompile Include="PalindomeString.cpp">
      <Filter>Source Files</Filter>
    </ClCompile>
    <ClCompile Include="SquareVowels.cpp">
      <Filter>Source Files</Filter>
    </ClCompile>
    <ClCompile Include="Alphabet.cpp">
      <Filter>Source Files</Filter>
    </ClCompile>
    <ClCompile Include="MathZeroSum.cpp">
      <Filter>Source Files</Filter>
    </ClCompile>
    <ClCompile Include="ArrayAdditionSum.cpp">
      <Filter>Source Files</Filter>
    </ClCompile>
  </ItemGroup>
  <ItemGroup>
    <ClInclude Include="UsernameValidation.h">
      <Filter>Header Files</Filter>
    </ClInclude>
    <ClInclude Include="MatrixDeterminant.h">
      <Filter>Header Files</Filter>
    </ClInclude>
    <ClInclude Include="WordLength.h">
      <Filter>Header Files</Filter>
    </ClInclude>
    <ClInclude Include="NumberCheck.h">
      <Filter>Header Files</Filter>
    </ClInclude>
    <ClInclude Include="TimeConverter.h">
      <Filter>Header Files</Filter>
    </ClInclude>
    <ClInclude Include="Alphabet.h">
      <Filter>Header Files</Filter>
    </ClInclude>
    <ClInclude Include="Reverse.h">
      <Filter>Header Files</Filter>
    </ClInclude>
    <ClInclude Include="Summation.h">
      <Filter>Header Files</Filter>
    </ClInclude>
    <ClInclude Include="ChangeLetter.h">
      <Filter>Header Files</Filter>
    </ClInclude>
    <ClInclude Include="Symbols.h">
      <Filter>Header Files</Filter>
    </ClInclude>
    <ClInclude Include="Factorial.h">
      <Filter>Header Files</Filter>
    </ClInclude>
    <ClInclude Include="Kaprekar.h">
      <Filter>Header Files</Filter>
    </ClInclude>
    <ClInclude Include="Chessboard.h">
      <Filter>Header Files</Filter>
    </ClInclude>
    <ClInclude Include="StringIntersection.h">
      <Filter>Header Files</Filter>
    </ClInclude>
    <ClInclude Include="MinStringRange.h">
      <Filter>Header Files</Filter>
    </ClInclude>
    <ClInclude Include="QuestionMarkSum.h">
      <Filter>Header Files</Filter>
    </ClInclude>
    <ClInclude Include="Exponent2.h">
      <Filter>Header Files</Filter>
    </ClInclude>
    <ClInclude Include="MathProduct.h">
      <Filter>Header Files</Filter>
    </ClInclude>
    <ClInclude Include="MedianMovement.h">
      <Filter>Header Files</Filter>
    </ClInclude>
    <ClInclude Include="MathSequence.h">
      <Filter>Header Files</Filter>
    </ClInclude>
    <ClInclude Include="Brackets.h">
      <Filter>Header Files</Filter>
    </ClInclude>
    <ClInclude Include="StringPeriod.h">
      <Filter>Header Files</Filter>
    </ClInclude>
    <ClInclude Include="NumberEncoder.h">
      <Filter>Header Files</Filter>
    </ClInclude>
    <ClInclude Include="StringReducer.h">
      <Filter>Header Files</Filter>
    </ClInclude>
    <ClInclude Include="PrimeNumber.h">
      <Filter>Header Files</Filter>
    </ClInclude>
    <ClInclude Include="ConsecutiveNumbers.h">
      <Filter>Header Files</Filter>
    </ClInclude>
    <ClInclude Include="StringUniqueSubstring.h">
      <Filter>Header Files</Filter>
    </ClInclude>
    <ClInclude Include="StringCompression.h">
      <Filter>Header Files</Filter>
    </ClInclude>
    <ClInclude Include="TreeGraphs.h">
      <Filter>Header Files</Filter>
    </ClInclude>
    <ClInclude Include="Fibonacci.h">
      <Filter>Header Files</Filter>
    </ClInclude>
    <ClInclude Include="PalindomeString.h">
      <Filter>Header Files</Filter>
    </ClInclude>
    <ClInclude Include="SquareVowels.h">
      <Filter>Header Files</Filter>
    </ClInclude>
    <ClInclude Include="MathZeroSum.h">
      <Filter>Header Files</Filter>
    </ClInclude>
    <ClInclude Include="ArrayAdditionSum.h">
      <Filter>Header Files</Filter>
    </ClInclude>
  </ItemGroup>
</Project>